
Microsoft Visual Studio Solution File, Format Version 12.00
# Visual Studio Version 16
VisualStudioVersion = 16.0.32106.194
MinimumVisualStudioVersion = 10.0.40219.1
Project("{FAE04EC0-301F-11D3-BF4B-00C04F79EFBC}") = "WebsocketServer", "WebsocketServer\WebsocketServer.csproj", "{BCDE8459-A457-47B9-91FC-BD687DB04C06}"
	ProjectSection(ProjectDependencies) = postProject
		{091570C1-3711-49FB-B037-3E4C639DDEBD} = {091570C1-3711-49FB-B037-3E4C639DDEBD}
	EndProjectSection
EndProject
Project("{FAE04EC0-301F-11D3-BF4B-00C04F79EFBC}") = "WebsocketClient", "WebsocketClient\WebsocketClient.csproj", "{091570C1-3711-49FB-B037-3E4C639DDEBD}"
EndProject
Global
	GlobalSection(SolutionConfigurationPlatforms) = preSolution
		Debug|Any CPU = Debug|Any CPU
		Release|Any CPU = Release|Any CPU
	EndGlobalSection
	GlobalSection(ProjectConfigurationPlatforms) = postSolution
		{BCDE8459-A457-47B9-91FC-BD687DB04C06}.Debug|Any CPU.ActiveCfg = Debug|Any CPU
		{BCDE8459-A457-47B9-91FC-BD687DB04C06}.Debug|Any CPU.Build.0 = Debug|Any CPU
		{BCDE8459-A457-47B9-91FC-BD687DB04C06}.Release|Any CPU.ActiveCfg = Release|Any CPU
		{BCDE8459-A457-47B9-91FC-BD687DB04C06}.Release|Any CPU.Build.0 = Release|Any CPU
		{091570C1-3711-49FB-B037-3E4C639DDEBD}.Debug|Any CPU.ActiveCfg = Debug|Any CPU
		{091570C1-3711-49FB-B037-3E4C639DDEBD}.Debug|Any CPU.Build.0 = Debug|Any CPU
		{091570C1-3711-49FB-B037-3E4C639DDEBD}.Release|Any CPU.ActiveCfg = Release|Any CPU
		{091570C1-3711-49FB-B037-3E4C639DDEBD}.Release|Any CPU.Build.0 = Release|Any CPU
	EndGlobalSection
	GlobalSection(SolutionProperties) = preSolution
		HideSolutionNode = FALSE
	EndGlobalSection
	GlobalSection(ExtensibilityGlobals) = postSolution
		SolutionGuid = {F653125A-59D1-4063-B423-26B28ACB91CB}
	EndGlobalSection
EndGlobal
